// !$*UTF8*$!
{
	archiveVersion = 1;
	classes = {
	};
	objectVersion = 46;
	objects = {

/* Begin PBXBuildFile section */
		15067D3A1B41251C00C87B97 /* WWphoto.m in Sources */ = {isa = PBXBuildFile; fileRef = 15067D391B41251C00C87B97 /* WWphoto.m */; };
		15067D531B4126AE00C87B97 /* JTSActionSheet.m in Sources */ = {isa = PBXBuildFile; fileRef = 15067D3D1B4126AE00C87B97 /* JTSActionSheet.m */; };
		15067D541B4126AE00C87B97 /* JTSActionSheetButtonView.m in Sources */ = {isa = PBXBuildFile; fileRef = 15067D401B4126AE00C87B97 /* JTSActionSheetButtonView.m */; };
		15067D551B4126AE00C87B97 /* JTSActionSheetConveniences.m in Sources */ = {isa = PBXBuildFile; fileRef = 15067D421B4126AE00C87B97 /* JTSActionSheetConveniences.m */; };
		15067D561B4126AE00C87B97 /* JTSActionSheetImageUtility.m in Sources */ = {isa = PBXBuildFile; fileRef = 15067D441B4126AE00C87B97 /* JTSActionSheetImageUtility.m */; };
		15067D571B4126AE00C87B97 /* JTSActionSheetItem.m in Sources */ = {isa = PBXBuildFile; fileRef = 15067D461B4126AE00C87B97 /* JTSActionSheetItem.m */; };
		15067D581B4126AE00C87B97 /* JTSActionSheetItemView.m in Sources */ = {isa = PBXBuildFile; fileRef = 15067D481B4126AE00C87B97 /* JTSActionSheetItemView.m */; };
		15067D591B4126AE00C87B97 /* JTSActionSheetPresenter.m in Sources */ = {isa = PBXBuildFile; fileRef = 15067D4A1B4126AE00C87B97 /* JTSActionSheetPresenter.m */; };
		15067D5A1B4126AE00C87B97 /* JTSActionSheetSeparatorView.m in Sources */ = {isa = PBXBuildFile; fileRef = 15067D4C1B4126AE00C87B97 /* JTSActionSheetSeparatorView.m */; };
		15067D5B1B4126AE00C87B97 /* JTSActionSheetTheme.m in Sources */ = {isa = PBXBuildFile; fileRef = 15067D4E1B4126AE00C87B97 /* JTSActionSheetTheme.m */; };
		15067D5C1B4126AE00C87B97 /* JTSActionSheetTitleView.m in Sources */ = {isa = PBXBuildFile; fileRef = 15067D501B4126AE00C87B97 /* JTSActionSheetTitleView.m */; };
		15067D5D1B4126AE00C87B97 /* JTSActionSheetViewController.m in Sources */ = {isa = PBXBuildFile; fileRef = 15067D521B4126AE00C87B97 /* JTSActionSheetViewController.m */; };
		150D215D1B3D662400DA6BF9 /* main.m in Sources */ = {isa = PBXBuildFile; fileRef = 150D215C1B3D662400DA6BF9 /* main.m */; };
		150D21601B3D662400DA6BF9 /* AppDelegate.m in Sources */ = {isa = PBXBuildFile; fileRef = 150D215F1B3D662400DA6BF9 /* AppDelegate.m */; };
		150D21631B3D662400DA6BF9 /* ViewController.m in Sources */ = {isa = PBXBuildFile; fileRef = 150D21621B3D662400DA6BF9 /* ViewController.m */; };
		150D21661B3D662500DA6BF9 /* Main.storyboard in Resources */ = {isa = PBXBuildFile; fileRef = 150D21641B3D662500DA6BF9 /* Main.storyboard */; };
		150D21681B3D662500DA6BF9 /* Images.xcassets in Resources */ = {isa = PBXBuildFile; fileRef = 150D21671B3D662500DA6BF9 /* Images.xcassets */; };
		150D216B1B3D662500DA6BF9 /* LaunchScreen.xib in Resources */ = {isa = PBXBuildFile; fileRef = 150D21691B3D662500DA6BF9 /* LaunchScreen.xib */; };
		150D21771B3D662500DA6BF9 /* ______Tests.m in Sources */ = {isa = PBXBuildFile; fileRef = 150D21761B3D662500DA6BF9 /* ______Tests.m */; };
		150D21BB1B3D6BF700DA6BF9 /* CustomImage.m in Sources */ = {isa = PBXBuildFile; fileRef = 150D21BA1B3D6BF700DA6BF9 /* CustomImage.m */; };
		150D21BD1B3D6D3900DA6BF9 /* deleteimage.png in Resources */ = {isa = PBXBuildFile; fileRef = 150D21BC1B3D6D3900DA6BF9 /* deleteimage.png */; };
		150D21C01B3D6F7100DA6BF9 /* ImageView.m in Sources */ = {isa = PBXBuildFile; fileRef = 150D21BF1B3D6F7100DA6BF9 /* ImageView.m */; };
		15CA51EF1B41298900191D5E /* add_goodsImage.png in Resources */ = {isa = PBXBuildFile; fileRef = 15CA51EE1B41298900191D5E /* add_goodsImage.png */; };
		15CA51F31B412BF800191D5E /* UIColor+Hex.m in Sources */ = {isa = PBXBuildFile; fileRef = 15CA51F21B412BF800191D5E /* UIColor+Hex.m */; };
/* End PBXBuildFile section */

/* Begin PBXContainerItemProxy section */
		150D21711B3D662500DA6BF9 /* PBXContainerItemProxy */ = {
			isa = PBXContainerItemProxy;
			containerPortal = 150D214F1B3D662400DA6BF9 /* Project object */;
			proxyType = 1;
			remoteGlobalIDString = 150D21561B3D662400DA6BF9;
			remoteInfo = "万能添加图片";
		};
/* End PBXContainerItemProxy section */

/* Begin PBXFileReference section */
		15067D381B41251C00C87B97 /* WWphoto.h */ = {isa = PBXFileReference; fileEncoding = 4; lastKnownFileType = sourcecode.c.h; path = WWphoto.h; sourceTree = "<group>"; };
		15067D391B41251C00C87B97 /* WWphoto.m */ = {isa = PBXFileReference; fileEncoding = 4; lastKnownFileType = sourcecode.c.objc; path = WWphoto.m; sourceTree = "<group>"; };
		15067D3C1B4126AE00C87B97 /* JTSActionSheet.h */ = {isa = PBXFileReference; fileEncoding = 4; lastKnownFileType = sourcecode.c.h; path = JTSActionSheet.h; sourceTree = "<group>"; };
		15067D3D1B4126AE00C87B97 /* JTSActionSheet.m */ = {isa = PBXFileReference; fileEncoding = 4; lastKnownFileType = sourcecode.c.objc; path = JTSActionSheet.m; sourceTree = "<group>"; };
		15067D3E1B4126AE00C87B97 /* JTSActionSheet_Protected.h */ = {isa = PBXFileReference; fileEncoding = 4; lastKnownFileType = sourcecode.c.h; path = JTSActionSheet_Protected.h; sourceTree = "<group>"; };
		15067D3F1B4126AE00C87B97 /* JTSActionSheetButtonView.h */ = {isa = PBXFileReference; fileEncoding = 4; lastKnownFileType = sourcecode.c.h; path = JTSActionSheetButtonView.h; sourceTree = "<group>"; };
		15067D401B4126AE00C87B97 /* JTSActionSheetButtonView.m */ = {isa = PBXFileReference; fileEncoding = 4; lastKnownFileType = sourcecode.c.objc; path = JTSActionSheetButtonView.m; sourceTree = "<group>"; };
		15067D411B4126AE00C87B97 /* JTSActionSheetConveniences.h */ = {isa = PBXFileReference; fileEncoding = 4; lastKnownFileType = sourcecode.c.h; path = JTSActionSheetConveniences.h; sourceTree = "<group>"; };
		15067D421B4126AE00C87B97 /* JTSActionSheetConveniences.m */ = {isa = PBXFileReference; fileEncoding = 4; lastKnownFileType = sourcecode.c.objc; path = JTSActionSheetConveniences.m; sourceTree = "<group>"; };
		15067D431B4126AE00C87B97 /* JTSActionSheetImageUtility.h */ = {isa = PBXFileReference; fileEncoding = 4; lastKnownFileType = sourcecode.c.h; path = JTSActionSheetImageUtility.h; sourceTree = "<group>"; };
		15067D441B4126AE00C87B97 /* JTSActionSheetImageUtility.m */ = {isa = PBXFileReference; fileEncoding = 4; lastKnownFileType = sourcecode.c.objc; path = JTSActionSheetImageUtility.m; sourceTree = "<group>"; };
		15067D451B4126AE00C87B97 /* JTSActionSheetItem.h */ = {isa = PBXFileReference; fileEncoding = 4; lastKnownFileType = sourcecode.c.h; path = JTSActionSheetItem.h; sourceTree = "<group>"; };
		15067D461B4126AE00C87B97 /* JTSActionSheetItem.m */ = {isa = PBXFileReference; fileEncoding = 4; lastKnownFileType = sourcecode.c.objc; path = JTSActionSheetItem.m; sourceTree = "<group>"; };
		15067D471B4126AE00C87B97 /* JTSActionSheetItemView.h */ = {isa = PBXFileReference; fileEncoding = 4; lastKnownFileType = sourcecode.c.h; path = JTSActionSheetItemView.h; sourceTree = "<group>"; };
		15067D481B4126AE00C87B97 /* JTSActionSheetItemView.m */ = {isa = PBXFileReference; fileEncoding = 4; lastKnownFileType = sourcecode.c.objc; path = JTSActionSheetItemView.m; sourceTree = "<group>"; };
		15067D491B4126AE00C87B97 /* JTSActionSheetPresenter.h */ = {isa = PBXFileReference; fileEncoding = 4; lastKnownFileType = sourcecode.c.h; path = JTSActionSheetPresenter.h; sourceTree = "<group>"; };
		15067D4A1B4126AE00C87B97 /* JTSActionSheetPresenter.m */ = {isa = PBXFileReference; fileEncoding = 4; lastKnownFileType = sourcecode.c.objc; path = JTSActionSheetPresenter.m; sourceTree = "<group>"; };
		15067D4B1B4126AE00C87B97 /* JTSActionSheetSeparatorView.h */ = {isa = PBXFileReference; fileEncoding = 4; lastKnownFileType = sourcecode.c.h; path = JTSActionSheetSeparatorView.h; sourceTree = "<group>"; };
		15067D4C1B4126AE00C87B97 /* JTSActionSheetSeparatorView.m */ = {isa = PBXFileReference; fileEncoding = 4; lastKnownFileType = sourcecode.c.objc; path = JTSActionSheetSeparatorView.m; sourceTree = "<group>"; };
		15067D4D1B4126AE00C87B97 /* JTSActionSheetTheme.h */ = {isa = PBXFileReference; fileEncoding = 4; lastKnownFileType = sourcecode.c.h; path = JTSActionSheetTheme.h; sourceTree = "<group>"; };
		15067D4E1B4126AE00C87B97 /* JTSActionSheetTheme.m */ = {isa = PBXFileReference; fileEncoding = 4; lastKnownFileType = sourcecode.c.objc; path = JTSActionSheetTheme.m; sourceTree = "<group>"; };
		15067D4F1B4126AE00C87B97 /* JTSActionSheetTitleView.h */ = {isa = PBXFileReference; fileEncoding = 4; lastKnownFileType = sourcecode.c.h; path = JTSActionSheetTitleView.h; sourceTree = "<group>"; };
		15067D501B4126AE00C87B97 /* JTSActionSheetTitleView.m */ = {isa = PBXFileReference; fileEncoding = 4; lastKnownFileType = sourcecode.c.objc; path = JTSActionSheetTitleView.m; sourceTree = "<group>"; };
		15067D511B4126AE00C87B97 /* JTSActionSheetViewController.h */ = {isa = PBXFileReference; fileEncoding = 4; lastKnownFileType = sourcecode.c.h; path = JTSActionSheetViewController.h; sourceTree = "<group>"; };
		15067D521B4126AE00C87B97 /* JTSActionSheetViewController.m */ = {isa = PBXFileReference; fileEncoding = 4; lastKnownFileType = sourcecode.c.objc; path = JTSActionSheetViewController.m; sourceTree = "<group>"; };
		150D21571B3D662400DA6BF9 /* 万能添加图片.app */ = {isa = PBXFileReference; explicitFileType = wrapper.application; includeInIndex = 0; path = "万能添加图片.app"; sourceTree = BUILT_PRODUCTS_DIR; };
		150D215B1B3D662400DA6BF9 /* Info.plist */ = {isa = PBXFileReference; lastKnownFileType = text.plist.xml; path = Info.plist; sourceTree = "<group>"; };
		150D215C1B3D662400DA6BF9 /* main.m */ = {isa = PBXFileReference; lastKnownFileType = sourcecode.c.objc; path = main.m; sourceTree = "<group>"; };
		150D215E1B3D662400DA6BF9 /* AppDelegate.h */ = {isa = PBXFileReference; lastKnownFileType = sourcecode.c.h; path = AppDelegate.h; sourceTree = "<group>"; };
		150D215F1B3D662400DA6BF9 /* AppDelegate.m */ = {isa = PBXFileReference; lastKnownFileType = sourcecode.c.objc; path = AppDelegate.m; sourceTree = "<group>"; };
		150D21611B3D662400DA6BF9 /* ViewController.h */ = {isa = PBXFileReference; lastKnownFileType = sourcecode.c.h; path = ViewController.h; sourceTree = "<group>"; };
		150D21621B3D662400DA6BF9 /* ViewController.m */ = {isa = PBXFileReference; lastKnownFileType = sourcecode.c.objc; path = ViewController.m; sourceTree = "<group>"; };
		150D21651B3D662500DA6BF9 /* Base */ = {isa = PBXFileReference; lastKnownFileType = file.storyboard; name = Base; path = Base.lproj/Main.storyboard; sourceTree = "<group>"; };
		150D21671B3D662500DA6BF9 /* Images.xcassets */ = {isa = PBXFileReference; lastKnownFileType = folder.assetcatalog; path = Images.xcassets; sourceTree = "<group>"; };
		150D216A1B3D662500DA6BF9 /* Base */ = {isa = PBXFileReference; lastKnownFileType = file.xib; name = Base; path = Base.lproj/LaunchScreen.xib; sourceTree = "<group>"; };
		150D21701B3D662500DA6BF9 /* 万能添加图片Tests.xctest */ = {isa = PBXFileReference; explicitFileType = wrapper.cfbundle; includeInIndex = 0; path = "万能添加图片Tests.xctest"; sourceTree = BUILT_PRODUCTS_DIR; };
		150D21751B3D662500DA6BF9 /* Info.plist */ = {isa = PBXFileReference; lastKnownFileType = text.plist.xml; path = Info.plist; sourceTree = "<group>"; };
		150D21761B3D662500DA6BF9 /* ______Tests.m */ = {isa = PBXFileReference; lastKnownFileType = sourcecode.c.objc; path = "______Tests.m"; sourceTree = "<group>"; };
		150D21B91B3D6BF700DA6BF9 /* CustomImage.h */ = {isa = PBXFileReference; fileEncoding = 4; lastKnownFileType = sourcecode.c.h; path = CustomImage.h; sourceTree = "<group>"; };
		150D21BA1B3D6BF700DA6BF9 /* CustomImage.m */ = {isa = PBXFileReference; fileEncoding = 4; lastKnownFileType = sourcecode.c.objc; path = CustomImage.m; sourceTree = "<group>"; };
		150D21BC1B3D6D3900DA6BF9 /* deleteimage.png */ = {isa = PBXFileReference; lastKnownFileType = image.png; path = deleteimage.png; sourceTree = "<group>"; };
		150D21BE1B3D6F7100DA6BF9 /* ImageView.h */ = {isa = PBXFileReference; fileEncoding = 4; lastKnownFileType = sourcecode.c.h; path = ImageView.h; sourceTree = "<group>"; };
		150D21BF1B3D6F7100DA6BF9 /* ImageView.m */ = {isa = PBXFileReference; fileEncoding = 4; lastKnownFileType = sourcecode.c.objc; path = ImageView.m; sourceTree = "<group>"; };
		15CA51EE1B41298900191D5E /* add_goodsImage.png */ = {isa = PBXFileReference; lastKnownFileType = image.png; path = add_goodsImage.png; sourceTree = "<group>"; };
		15CA51F11B412BF800191D5E /* UIColor+Hex.h */ = {isa = PBXFileReference; fileEncoding = 4; lastKnownFileType = sourcecode.c.h; path = "UIColor+Hex.h"; sourceTree = "<group>"; };
		15CA51F21B412BF800191D5E /* UIColor+Hex.m */ = {isa = PBXFileReference; fileEncoding = 4; lastKnownFileType = sourcecode.c.objc; path = "UIColor+Hex.m"; sourceTree = "<group>"; };
/* End PBXFileReference section */

/* Begin PBXFrameworksBuildPhase section */
		150D21541B3D662400DA6BF9 /* Frameworks */ = {
			isa = PBXFrameworksBuildPhase;
			buildActionMask = 2147483647;
			files = (
			);
			runOnlyForDeploymentPostprocessing = 0;
		};
		150D216D1B3D662500DA6BF9 /* Frameworks */ = {
			isa = PBXFrameworksBuildPhase;
			buildActionMask = 2147483647;
			files = (
			);
			runOnlyForDeploymentPostprocessing = 0;
		};
/* End PBXFrameworksBuildPhase section */

/* Begin PBXGroup section */
		15067D371B4124D200C87B97 /* 相册选择工具 */ = {
			isa = PBXGroup;
			children = (
				15067D381B41251C00C87B97 /* WWphoto.h */,
				15067D391B41251C00C87B97 /* WWphoto.m */,
			);
			path = "相册选择工具";
			sourceTree = "<group>";
		};
		15067D3B1B4126AE00C87B97 /* Source */ = {
			isa = PBXGroup;
			children = (
				15067D3C1B4126AE00C87B97 /* JTSActionSheet.h */,
				15067D3D1B4126AE00C87B97 /* JTSActionSheet.m */,
				15067D3E1B4126AE00C87B97 /* JTSActionSheet_Protected.h */,
				15067D3F1B4126AE00C87B97 /* JTSActionSheetButtonView.h */,
				15067D401B4126AE00C87B97 /* JTSActionSheetButtonView.m */,
				15067D411B4126AE00C87B97 /* JTSActionSheetConveniences.h */,
				15067D421B4126AE00C87B97 /* JTSActionSheetConveniences.m */,
				15067D431B4126AE00C87B97 /* JTSActionSheetImageUtility.h */,
				15067D441B4126AE00C87B97 /* JTSActionSheetImageUtility.m */,
				15067D451B4126AE00C87B97 /* JTSActionSheetItem.h */,
				15067D461B4126AE00C87B97 /* JTSActionSheetItem.m */,
				15067D471B4126AE00C87B97 /* JTSActionSheetItemView.h */,
				15067D481B4126AE00C87B97 /* JTSActionSheetItemView.m */,
				15067D491B4126AE00C87B97 /* JTSActionSheetPresenter.h */,
				15067D4A1B4126AE00C87B97 /* JTSActionSheetPresenter.m */,
				15067D4B1B4126AE00C87B97 /* JTSActionSheetSeparatorView.h */,
				15067D4C1B4126AE00C87B97 /* JTSActionSheetSeparatorView.m */,
				15067D4D1B4126AE00C87B97 /* JTSActionSheetTheme.h */,
				15067D4E1B4126AE00C87B97 /* JTSActionSheetTheme.m */,
				15067D4F1B4126AE00C87B97 /* JTSActionSheetTitleView.h */,
				15067D501B4126AE00C87B97 /* JTSActionSheetTitleView.m */,
				15067D511B4126AE00C87B97 /* JTSActionSheetViewController.h */,
				15067D521B4126AE00C87B97 /* JTSActionSheetViewController.m */,
			);
			path = Source;
			sourceTree = "<group>";
		};
		150D214E1B3D662400DA6BF9 = {
			isa = PBXGroup;
			children = (
				150D21591B3D662400DA6BF9 /* 万能添加图片 */,
				150D21731B3D662500DA6BF9 /* 万能添加图片Tests */,
				150D21581B3D662400DA6BF9 /* Products */,
			);
			sourceTree = "<group>";
		};
		150D21581B3D662400DA6BF9 /* Products */ = {
			isa = PBXGroup;
			children = (
				150D21571B3D662400DA6BF9 /* 万能添加图片.app */,
				150D21701B3D662500DA6BF9 /* 万能添加图片Tests.xctest */,
			);
			name = Products;
			sourceTree = "<group>";
		};
		150D21591B3D662400DA6BF9 /* 万能添加图片 */ = {
			isa = PBXGroup;
			children = (
				15CA51EE1B41298900191D5E /* add_goodsImage.png */,
				150D21BC1B3D6D3900DA6BF9 /* deleteimage.png */,
				150D215E1B3D662400DA6BF9 /* AppDelegate.h */,
				150D215F1B3D662400DA6BF9 /* AppDelegate.m */,
				150D21611B3D662400DA6BF9 /* ViewController.h */,
				150D21621B3D662400DA6BF9 /* ViewController.m */,
				150D21641B3D662500DA6BF9 /* Main.storyboard */,
				150D21671B3D662500DA6BF9 /* Images.xcassets */,
				150D21691B3D662500DA6BF9 /* LaunchScreen.xib */,
				15CA51F01B412BF800191D5E /* UIColor支持16进制 */,
				15067D3B1B4126AE00C87B97 /* Source */,
				15067D371B4124D200C87B97 /* 相册选择工具 */,
				150D215A1B3D662400DA6BF9 /* Supporting Files */,
				150D21B91B3D6BF700DA6BF9 /* CustomImage.h */,
				150D21BA1B3D6BF700DA6BF9 /* CustomImage.m */,
				150D21BE1B3D6F7100DA6BF9 /* ImageView.h */,
				150D21BF1B3D6F7100DA6BF9 /* ImageView.m */,
			);
			path = "万能添加图片";
			sourceTree = "<group>";
		};
		150D215A1B3D662400DA6BF9 /* Supporting Files */ = {
			isa = PBXGroup;
			children = (
				150D215B1B3D662400DA6BF9 /* Info.plist */,
				150D215C1B3D662400DA6BF9 /* main.m */,
			);
			name = "Supporting Files";
			sourceTree = "<group>";
		};
		150D21731B3D662500DA6BF9 /* 万能添加图片Tests */ = {
			isa = PBXGroup;
			children = (
				150D21761B3D662500DA6BF9 /* ______Tests.m */,
				150D21741B3D662500DA6BF9 /* Supporting Files */,
			);
			path = "万能添加图片Tests";
			sourceTree = "<group>";
		};
		150D21741B3D662500DA6BF9 /* Supporting Files */ = {
			isa = PBXGroup;
			children = (
				150D21751B3D662500DA6BF9 /* Info.plist */,
			);
			name = "Supporting Files";
			sourceTree = "<group>";
		};
		15CA51F01B412BF800191D5E /* UIColor支持16进制 */ = {
			isa = PBXGroup;
			children = (
				15CA51F11B412BF800191D5E /* UIColor+Hex.h */,
				15CA51F21B412BF800191D5E /* UIColor+Hex.m */,
			);
			path = "UIColor支持16进制";
			sourceTree = "<group>";
		};
/* End PBXGroup section */

/* Begin PBXNativeTarget section */
		150D21561B3D662400DA6BF9 /* 万能添加图片 */ = {
			isa = PBXNativeTarget;
			buildConfigurationList = 150D217A1B3D662500DA6BF9 /* Build configuration list for PBXNativeTarget "万能添加图片" */;
			buildPhases = (
				150D21531B3D662400DA6BF9 /* Sources */,
				150D21541B3D662400DA6BF9 /* Frameworks */,
				150D21551B3D662400DA6BF9 /* Resources */,
			);
			buildRules = (
			);
			dependencies = (
			);
			name = "万能添加图片";
			productName = "万能添加图片";
			productReference = 150D21571B3D662400DA6BF9 /* 万能添加图片.app */;
			productType = "com.apple.product-type.application";
		};
		150D216F1B3D662500DA6BF9 /* 万能添加图片Tests */ = {
			isa = PBXNativeTarget;
			buildConfigurationList = 150D217D1B3D662500DA6BF9 /* Build configuration list for PBXNativeTarget "万能添加图片Tests" */;
			buildPhases = (
				150D216C1B3D662500DA6BF9 /* Sources */,
				150D216D1B3D662500DA6BF9 /* Frameworks */,
				150D216E1B3D662500DA6BF9 /* Resources */,
			);
			buildRules = (
			);
			dependencies = (
				150D21721B3D662500DA6BF9 /* PBXTargetDependency */,
			);
			name = "万能添加图片Tests";
			productName = "万能添加图片Tests";
			productReference = 150D21701B3D662500DA6BF9 /* 万能添加图片Tests.xctest */;
			productType = "com.apple.product-type.bundle.unit-test";
		};
/* End PBXNativeTarget section */

/* Begin PBXProject section */
		150D214F1B3D662400DA6BF9 /* Project object */ = {
			isa = PBXProject;
			attributes = {
				LastUpgradeCheck = 0630;
				ORGANIZATIONNAME = lamcelot;
				TargetAttributes = {
					150D21561B3D662400DA6BF9 = {
						CreatedOnToolsVersion = 6.3.2;
					};
					150D216F1B3D662500DA6BF9 = {
						CreatedOnToolsVersion = 6.3.2;
						TestTargetID = 150D21561B3D662400DA6BF9;
					};
				};
			};
			buildConfigurationList = 150D21521B3D662400DA6BF9 /* Build configuration list for PBXProject "万能添加图片" */;
			compatibilityVersion = "Xcode 3.2";
			developmentRegion = English;
			hasScannedForEncodings = 0;
			knownRegions = (
				en,
				Base,
			);
			mainGroup = 150D214E1B3D662400DA6BF9;
			productRefGroup = 150D21581B3D662400DA6BF9 /* Products */;
			projectDirPath = "";
			projectRoot = "";
			targets = (
				150D21561B3D662400DA6BF9 /* 万能添加图片 */,
				150D216F1B3D662500DA6BF9 /* 万能添加图片Tests */,
			);
		};
/* End PBXProject section */

/* Begin PBXResourcesBuildPhase section */
		150D21551B3D662400DA6BF9 /* Resources */ = {
			isa = PBXResourcesBuildPhase;
			buildActionMask = 2147483647;
			files = (
				150D21BD1B3D6D3900DA6BF9 /* deleteimage.png in Resources */,
				150D21661B3D662500DA6BF9 /* Main.storyboard in Resources */,
				150D216B1B3D662500DA6BF9 /* LaunchScreen.xib in Resources */,
				150D21681B3D662500DA6BF9 /* Images.xcassets in Resources */,
				15CA51EF1B41298900191D5E /* add_goodsImage.png in Resources */,
			);
			runOnlyForDeploymentPostprocessing = 0;
		};
		150D216E1B3D662500DA6BF9 /* Resources */ = {
			isa = PBXResourcesBuildPhase;
			buildActionMask = 2147483647;
			files = (
			);
			runOnlyForDeploymentPostprocessing = 0;
		};
/* End PBXResourcesBuildPhase section */

/* Begin PBXSourcesBuildPhase section */
		150D21531B3D662400DA6BF9 /* Sources */ = {
			isa = PBXSourcesBuildPhase;
			buildActionMask = 2147483647;
			files = (
				15067D5D1B4126AE00C87B97 /* JTSActionSheetViewController.m in Sources */,
				15067D5A1B4126AE00C87B97 /* JTSActionSheetSeparatorView.m in Sources */,
				15067D551B4126AE00C87B97 /* JTSActionSheetConveniences.m in Sources */,
				15067D581B4126AE00C87B97 /* JTSActionSheetItemView.m in Sources */,
				15067D531B4126AE00C87B97 /* JTSActionSheet.m in Sources */,
				15067D3A1B41251C00C87B97 /* WWphoto.m in Sources */,
				150D21631B3D662400DA6BF9 /* ViewController.m in Sources */,
				150D21C01B3D6F7100DA6BF9 /* ImageView.m in Sources */,
				15067D5B1B4126AE00C87B97 /* JTSActionSheetTheme.m in Sources */,
				15067D571B4126AE00C87B97 /* JTSActionSheetItem.m in Sources */,
				15067D5C1B4126AE00C87B97 /* JTSActionSheetTitleView.m in Sources */,
				15067D541B4126AE00C87B97 /* JTSActionSheetButtonView.m in Sources */,
				150D21601B3D662400DA6BF9 /* AppDelegate.m in Sources */,
				15CA51F31B412BF800191D5E /* UIColor+Hex.m in Sources */,
				15067D591B4126AE00C87B97 /* JTSActionSheetPresenter.m in Sources */,
				150D21BB1B3D6BF700DA6BF9 /* CustomImage.m in Sources */,
				15067D561B4126AE00C87B97 /* JTSActionSheetImageUtility.m in Sources */,
				150D215D1B3D662400DA6BF9 /* main.m in Sources */,
			);
			runOnlyForDeploymentPostprocessing = 0;
		};
		150D216C1B3D662500DA6BF9 /* Sources */ = {
			isa = PBXSourcesBuildPhase;
			buildActionMask = 2147483647;
			files = (
				150D21771B3D662500DA6BF9 /* ______Tests.m in Sources */,
			);
			runOnlyForDeploymentPostprocessing = 0;
		};
/* End PBXSourcesBuildPhase section */

/* Begin PBXTargetDependency section */
		150D21721B3D662500DA6BF9 /* PBXTargetDependency */ = {
			isa = PBXTargetDependency;
			target = 150D21561B3D662400DA6BF9 /* 万能添加图片 */;
			targetProxy = 150D21711B3D662500DA6BF9 /* PBXContainerItemProxy */;
		};
/* End PBXTargetDependency section */

/* Begin PBXVariantGroup section */
		150D21641B3D662500DA6BF9 /* Main.storyboard */ = {
			isa = PBXVariantGroup;
			children = (
				150D21651B3D662500DA6BF9 /* Base */,
			);
			name = Main.storyboard;
			sourceTree = "<group>";
		};
		150D21691B3D662500DA6BF9 /* LaunchScreen.xib */ = {
			isa = PBXVariantGroup;
			children = (
				150D216A1B3D662500DA6BF9 /* Base */,
			);
			name = LaunchScreen.xib;
			sourceTree = "<group>";
		};
/* End PBXVariantGroup section */

/* Begin XCBuildConfiguration section */
		150D21781B3D662500DA6BF9 /* Debug */ = {
			isa = XCBuildConfiguration;
			buildSettings = {
				ALWAYS_SEARCH_USER_PATHS = NO;
				CLANG_CXX_LANGUAGE_STANDARD = "gnu++0x";
				CLANG_CXX_LIBRARY = "libc++";
				CLANG_ENABLE_MODULES = YES;
				CLANG_ENABLE_OBJC_ARC = YES;
				CLANG_WARN_BOOL_CONVERSION = YES;
				CLANG_WARN_CONSTANT_CONVERSION = YES;
				CLANG_WARN_DIRECT_OBJC_ISA_USAGE = YES_ERROR;
				CLANG_WARN_EMPTY_BODY = YES;
				CLANG_WARN_ENUM_CONVERSION = YES;
				CLANG_WARN_INT_CONVERSION = YES;
				CLANG_WARN_OBJC_ROOT_CLASS = YES_ERROR;
				CLANG_WARN_UNREACHABLE_CODE = YES;
				CLANG_WARN__DUPLICATE_METHOD_MATCH = YES;
				"CODE_SIGN_IDENTITY[sdk=iphoneos*]" = "iPhone Developer";
				COPY_PHASE_STRIP = NO;
				DEBUG_INFORMATION_FORMAT = "dwarf-with-dsym";
				ENABLE_STRICT_OBJC_MSGSEND = YES;
				GCC_C_LANGUAGE_STANDARD = gnu99;
				GCC_DYNAMIC_NO_PIC = NO;
				GCC_NO_COMMON_BLOCKS = YES;
				GCC_OPTIMIZATION_LEVEL = 0;
				GCC_PREPROCESSOR_DEFINITIONS = (
					"DEBUG=1",
					"$(inherited)",
				);
				GCC_SYMBOLS_PRIVATE_EXTERN = NO;
				GCC_WARN_64_TO_32_BIT_CONVERSION = YES;
				GCC_WARN_ABOUT_RETURN_TYPE = YES_ERROR;
				GCC_WARN_UNDECLARED_SELECTOR = YES;
				GCC_WARN_UNINITIALIZED_AUTOS = YES_AGGRESSIVE;
				GCC_WARN_UNUSED_FUNCTION = YES;
				GCC_WARN_UNUSED_VARIABLE = YES;
				IPHONEOS_DEPLOYMENT_TARGET = 8.3;
				MTL_ENABLE_DEBUG_INFO = YES;
				ONLY_ACTIVE_ARCH = YES;
				SDKROOT = iphoneos;
			};
			name = Debug;
		};
		150D21791B3D662500DA6BF9 /* Release */ = {
			isa = XCBuildConfiguration;
			buildSettings = {
				ALWAYS_SEARCH_USER_PATHS = NO;
				CLANG_CXX_LANGUAGE_STANDARD = "gnu++0x";
				CLANG_CXX_LIBRARY = "libc++";
				CLANG_ENABLE_MODULES = YES;
				CLANG_ENABLE_OBJC_ARC = YES;
				CLANG_WARN_BOOL_CONVERSION = YES;
				CLANG_WARN_CONSTANT_CONVERSION = YES;
				CLANG_WARN_DIRECT_OBJC_ISA_USAGE = YES_ERROR;
				CLANG_WARN_EMPTY_BODY = YES;
				CLANG_WARN_ENUM_CONVERSION = YES;
				CLANG_WARN_INT_CONVERSION = YES;
				CLANG_WARN_OBJC_ROOT_CLASS = YES_ERROR;
				CLANG_WARN_UNREACHABLE_CODE = YES;
				CLANG_WARN__DUPLICATE_METHOD_MATCH = YES;
				"CODE_SIGN_IDENTITY[sdk=iphoneos*]" = "iPhone Developer";
				COPY_PHASE_STRIP = NO;
				DEBUG_INFORMATION_FORMAT = "dwarf-with-dsym";
				ENABLE_NS_ASSERTIONS = NO;
				ENABLE_STRICT_OBJC_MSGSEND = YES;
				GCC_C_LANGUAGE_STANDARD = gnu99;
				GCC_NO_COMMON_BLOCKS = YES;
				GCC_WARN_64_TO_32_BIT_CONVERSION = YES;
				GCC_WARN_ABOUT_RETURN_TYPE = YES_ERROR;
				GCC_WARN_UNDECLARED_SELECTOR = YES;
				GCC_WARN_UNINITIALIZED_AUTOS = YES_AGGRESSIVE;
				GCC_WARN_UNUSED_FUNCTION = YES;
				GCC_WARN_UNUSED_VARIABLE = YES;
				IPHONEOS_DEPLOYMENT_TARGET = 8.3;
				MTL_ENABLE_DEBUG_INFO = NO;
				SDKROOT = iphoneos;
				VALIDATE_PRODUCT = YES;
			};
			name = Release;
		};
		150D217B1B3D662500DA6BF9 /* Debug */ = {
			isa = XCBuildConfiguration;
			buildSettings = {
				ASSETCATALOG_COMPILER_APPICON_NAME = AppIcon;
				INFOPLIST_FILE = "万能添加图片/Info.plist";
				LD_RUNPATH_SEARCH_PATHS = "$(inherited) @executable_path/Frameworks";
				PRODUCT_NAME = "$(TARGET_NAME)";
			};
			name = Debug;
		};
		150D217C1B3D662500DA6BF9 /* Release */ = {
			isa = XCBuildConfiguration;
			buildSettings = {
				ASSETCATALOG_COMPILER_APPICON_NAME = AppIcon;
				INFOPLIST_FILE = "万能添加图片/Info.plist";
				LD_RUNPATH_SEARCH_PATHS = "$(inherited) @executable_path/Frameworks";
				PRODUCT_NAME = "$(TARGET_NAME)";
			};
			name = Release;
		};
		150D217E1B3D662500DA6BF9 /* Debug */ = {
			isa = XCBuildConfiguration;
			buildSettings = {
				BUNDLE_LOADER = "$(TEST_HOST)";
				FRAMEWORK_SEARCH_PATHS = (
					"$(SDKROOT)/Developer/Library/Frameworks",
					"$(inherited)",
				);
				GCC_PREPROCESSOR_DEFINITIONS = (
					"DEBUG=1",
					"$(inherited)",
				);
				INFOPLIST_FILE = "万能添加图片Tests/Info.plist";
				LD_RUNPATH_SEARCH_PATHS = "$(inherited) @executable_path/Frameworks @loader_path/Frameworks";
				PRODUCT_NAME = "$(TARGET_NAME)";
				TEST_HOST = "$(BUILT_PRODUCTS_DIR)/万能添加图片.app/万能添加图片";
			};
			name = Debug;
		};
		150D217F1B3D662500DA6BF9 /* Release */ = {
			isa = XCBuildConfiguration;
			buildSettings = {
				BUNDLE_LOADER = "$(TEST_HOST)";
				FRAMEWORK_SEARCH_PATHS = (
					"$(SDKROOT)/Developer/Library/Frameworks",
					"$(inherited)",
				);
				INFOPLIST_FILE = "万能添加图片Tests/Info.plist";
				LD_RUNPATH_SEARCH_PATHS = "$(inherited) @executable_path/Frameworks @loader_path/Frameworks";
				PRODUCT_NAME = "$(TARGET_NAME)";
				TEST_HOST = "$(BUILT_PRODUCTS_DIR)/万能添加图片.app/万能添加图片";
			};
			name = Release;
		};
/* End XCBuildConfiguration section */

/* Begin XCConfigurationList section */
		150D21521B3D662400DA6BF9 /* Build configuration list for PBXProject "万能添加图片" */ = {
			isa = XCConfigurationList;
			buildConfigurations = (
				150D21781B3D662500DA6BF9 /* Debug */,
				150D21791B3D662500DA6BF9 /* Release */,
			);
			defaultConfigurationIsVisible = 0;
			defaultConfigurationName = Release;
		};
		150D217A1B3D662500DA6BF9 /* Build configuration list for PBXNativeTarget "万能添加图片" */ = {
			isa = XCConfigurationList;
			buildConfigurations = (
				150D217B1B3D662500DA6BF9 /* Debug */,
				150D217C1B3D662500DA6BF9 /* Release */,
			);
			defaultConfigurationIsVisible = 0;
			defaultConfigurationName = Release;
		};
		150D217D1B3D662500DA6BF9 /* Build configuration list for PBXNativeTarget "万能添加图片Tests" */ = {
			isa = XCConfigurationList;
			buildConfigurations = (
				150D217E1B3D662500DA6BF9 /* Debug */,
				150D217F1B3D662500DA6BF9 /* Release */,
			);
			defaultConfigurationIsVisible = 0;
			defaultConfigurationName = Release;
		};
/* End XCConfigurationList section */
	};
	rootObject = 150D214F1B3D662400DA6BF9 /* Project object */;
}
